Microsoft Visual Studio Solution File, Format Version 12.00
# Visual Studio Version 17
VisualStudioVersion = 17.5.2.0
MinimumVisualStudioVersion = 10.0.40219.1
Project("{FAE04EC0-301F-11D3-BF4B-00C04F79EFBC}") = "AlanKayOop", "AlanKayOop\AlanKayOop.csproj", "{D3280A4B-53E8-F316-4773-D67AB049B73E}"
EndProject
Global
	GlobalSection(SolutionConfigurationPlatforms) = preSolution
		Debug|Any CPU = Debug|Any CPU
		Release|Any CPU = Release|Any CPU
	EndGlobalSection
	GlobalSection(ProjectConfigurationPlatforms) = postSolution
		{D3280A4B-53E8-F316-4773-D67AB049B73E}.Debug|Any CPU.ActiveCfg = Debug|Any CPU
		{D3280A4B-53E8-F316-4773-D67AB049B73E}.Debug|Any CPU.Build.0 = Debug|Any CPU
		{D3280A4B-53E8-F316-4773-D67AB049B73E}.Release|Any CPU.ActiveCfg = Release|Any CPU
		{D3280A4B-53E8-F316-4773-D67AB049B73E}.Release|Any CPU.Build.0 = Release|Any CPU
	EndGlobalSection
	GlobalSection(SolutionProperties) = preSolution
		HideSolutionNode = FALSE
	EndGlobalSection
	GlobalSection(ExtensibilityGlobals) = postSolution
		SolutionGuid = {DE904A4F-C2FB-434E-8282-0A39FAD9CD0C}
	EndGlobalSection
EndGlobal
